
Microsoft Visual Studio Solution File, Format Version 12.00
# Visual Studio Version 16
VisualStudioVersion = 16.0.29009.5
MinimumVisualStudioVersion = 10.0.40219.1
Project("{FAE04EC0-301F-11D3-BF4B-00C04F79EFBC}") = "GpsSample.Android", "GpsSample.Android\GpsSample.Android.csproj", "{FDF17EAC-5ECD-49E5-B1E1-816C4A59D125}"
EndProject
Project("{FAE04EC0-301F-11D3-BF4B-00C04F79EFBC}") = "GpsSample.iOS", "GpsSample.iOS\GpsSample.iOS.csproj", "{82D56A41-97B5-4D63-98D3-51431536453F}"
EndProject
Project("{FAE04EC0-301F-11D3-BF4B-00C04F79EFBC}") = "GpsSample", "GpsSample\GpsSample.csproj", "{713D2901-49C4-4947-8626-904E0250C1D7}"
EndProject
Project("{FAE04EC0-301F-11D3-BF4B-00C04F79EFBC}") = "GpsSample.UITest", "..\GpsSample.UITest\GpsSample.UITest.csproj", "{108C46C3-B089-400A-83EE-5E84805373F1}"
EndProject
Global
	GlobalSection(SolutionConfigurationPlatforms) = preSolution
		Debug|Any CPU = Debug|Any CPU
		Debug|iPhone = Debug|iPhone
		Debug|iPhoneSimulator = Debug|iPhoneSimulator
		Release|Any CPU = Release|Any CPU
		Release|iPhone = Release|iPhone
		Release|iPhoneSimulator = Release|iPhoneSimulator
	EndGlobalSection
	GlobalSection(ProjectConfigurationPlatforms) = postSolution
		{FDF17EAC-5ECD-49E5-B1E1-816C4A59D125}.Debug|Any CPU.ActiveCfg = Debug|Any CPU
		{FDF17EAC-5ECD-49E5-B1E1-816C4A59D125}.Debug|Any CPU.Build.0 = Debug|Any CPU
		{FDF17EAC-5ECD-49E5-B1E1-816C4A59D125}.Debug|Any CPU.Deploy.0 = Debug|Any CPU
		{FDF17EAC-5ECD-49E5-B1E1-816C4A59D125}.Debug|iPhone.ActiveCfg = Debug|Any CPU
		{FDF17EAC-5ECD-49E5-B1E1-816C4A59D125}.Debug|iPhone.Build.0 = Debug|Any CPU
		{FDF17EAC-5ECD-49E5-B1E1-816C4A59D125}.Debug|iPhone.Deploy.0 = Debug|Any CPU
		{FDF17EAC-5ECD-49E5-B1E1-816C4A59D125}.Debug|iPhoneSimulator.ActiveCfg = Debug|Any CPU
		{FDF17EAC-5ECD-49E5-B1E1-816C4A59D125}.Debug|iPhoneSimulator.Build.0 = Debug|Any CPU
		{FDF17EAC-5ECD-49E5-B1E1-816C4A59D125}.Debug|iPhoneSimulator.Deploy.0 = Debug|Any CPU
		{FDF17EAC-5ECD-49E5-B1E1-816C4A59D125}.Release|Any CPU.ActiveCfg = Release|Any CPU
		{FDF17EAC-5ECD-49E5-B1E1-816C4A59D125}.Release|Any CPU.Build.0 = Release|Any CPU
		{FDF17EAC-5ECD-49E5-B1E1-816C4A59D125}.Release|Any CPU.Deploy.0 = Release|Any CPU
		{FDF17EAC-5ECD-49E5-B1E1-816C4A59D125}.Release|iPhone.ActiveCfg = Release|Any CPU
		{FDF17EAC-5ECD-49E5-B1E1-816C4A59D125}.Release|iPhone.Build.0 = Release|Any CPU
		{FDF17EAC-5ECD-49E5-B1E1-816C4A59D125}.Release|iPhone.Deploy.0 = Release|Any CPU
		{FDF17EAC-5ECD-49E5-B1E1-816C4A59D125}.Release|iPhoneSimulator.ActiveCfg = Release|Any CPU
		{FDF17EAC-5ECD-49E5-B1E1-816C4A59D125}.Release|iPhoneSimulator.Build.0 = Release|Any CPU
		{FDF17EAC-5ECD-49E5-B1E1-816C4A59D125}.Release|iPhoneSimulator.Deploy.0 = Release|Any CPU
		{82D56A41-97B5-4D63-98D3-51431536453F}.Debug|Any CPU.ActiveCfg = Debug|iPhoneSimulator
		{82D56A41-97B5-4D63-98D3-51431536453F}.Debug|Any CPU.Build.0 = Debug|iPhoneSimulator
		{82D56A41-97B5-4D63-98D3-51431536453F}.Debug|Any CPU.Deploy.0 = Debug|iPhoneSimulator
		{82D56A41-97B5-4D63-98D3-51431536453F}.Debug|iPhone.ActiveCfg = Debug|iPhone
		{82D56A41-97B5-4D63-98D3-51431536453F}.Debug|iPhone.Build.0 = Debug|iPhone
		{82D56A41-97B5-4D63-98D3-51431536453F}.Debug|iPhone.Deploy.0 = Debug|iPhone
		{82D56A41-97B5-4D63-98D3-51431536453F}.Debug|iPhoneSimulator.ActiveCfg = Debug|iPhoneSimulator
		{82D56A41-97B5-4D63-98D3-51431536453F}.Debug|iPhoneSimulator.Build.0 = Debug|iPhoneSimulator
		{82D56A41-97B5-4D63-98D3-51431536453F}.Debug|iPhoneSimulator.Deploy.0 = Debug|iPhoneSimulator
		{82D56A41-97B5-4D63-98D3-51431536453F}.Release|Any CPU.ActiveCfg = Release|iPhone
		{82D56A41-97B5-4D63-98D3-51431536453F}.Release|Any CPU.Build.0 = Release|iPhone
		{82D56A41-97B5-4D63-98D3-51431536453F}.Release|Any CPU.Deploy.0 = Release|iPhone
		{82D56A41-97B5-4D63-98D3-51431536453F}.Release|iPhone.ActiveCfg = Release|iPhone
		{82D56A41-97B5-4D63-98D3-51431536453F}.Release|iPhone.Build.0 = Release|iPhone
		{82D56A41-97B5-4D63-98D3-51431536453F}.Release|iPhone.Deploy.0 = Release|iPhone
		{82D56A41-97B5-4D63-98D3-51431536453F}.Release|iPhoneSimulator.ActiveCfg = Release|iPhoneSimulator
		{82D56A41-97B5-4D63-98D3-51431536453F}.Release|iPhoneSimulator.Build.0 = Release|iPhoneSimulator
		{82D56A41-97B5-4D63-98D3-51431536453F}.Release|iPhoneSimulator.Deploy.0 = Release|iPhoneSimulator
		{713D2901-49C4-4947-8626-904E0250C1D7}.Debug|Any CPU.ActiveCfg = Debug|Any CPU
		{713D2901-49C4-4947-8626-904E0250C1D7}.Debug|Any CPU.Build.0 = Debug|Any CPU
		{713D2901-49C4-4947-8626-904E0250C1D7}.Debug|Any CPU.Deploy.0 = Debug|Any CPU
		{713D2901-49C4-4947-8626-904E0250C1D7}.Debug|iPhone.ActiveCfg = Debug|Any CPU
		{713D2901-49C4-4947-8626-904E0250C1D7}.Debug|iPhone.Build.0 = Debug|Any CPU
		{713D2901-49C4-4947-8626-904E0250C1D7}.Debug|iPhone.Deploy.0 = Debug|Any CPU
		{713D2901-49C4-4947-8626-904E0250C1D7}.Debug|iPhoneSimulator.ActiveCfg = Debug|Any CPU
		{713D2901-49C4-4947-8626-904E0250C1D7}.Debug|iPhoneSimulator.Build.0 = Debug|Any CPU
		{713D2901-49C4-4947-8626-904E0250C1D7}.Debug|iPhoneSimulator.Deploy.0 = Debug|Any CPU
		{713D2901-49C4-4947-8626-904E0250C1D7}.Release|Any CPU.ActiveCfg = Release|Any CPU
		{713D2901-49C4-4947-8626-904E0250C1D7}.Release|Any CPU.Build.0 = Release|Any CPU
		{713D2901-49C4-4947-8626-904E0250C1D7}.Release|Any CPU.Deploy.0 = Release|Any CPU
		{713D2901-49C4-4947-8626-904E0250C1D7}.Release|iPhone.ActiveCfg = Release|Any CPU
		{713D2901-49C4-4947-8626-904E0250C1D7}.Release|iPhone.Build.0 = Release|Any CPU
		{713D2901-49C4-4947-8626-904E0250C1D7}.Release|iPhone.Deploy.0 = Release|Any CPU
		{713D2901-49C4-4947-8626-904E0250C1D7}.Release|iPhoneSimulator.ActiveCfg = Release|Any CPU
		{713D2901-49C4-4947-8626-904E0250C1D7}.Release|iPhoneSimulator.Build.0 = Release|Any CPU
		{713D2901-49C4-4947-8626-904E0250C1D7}.Release|iPhoneSimulator.Deploy.0 = Release|Any CPU
		{108C46C3-B089-400A-83EE-5E84805373F1}.Debug|Any CPU.ActiveCfg = Debug|Any CPU
		{108C46C3-B089-400A-83EE-5E84805373F1}.Debug|Any CPU.Build.0 = Debug|Any CPU
		{108C46C3-B089-400A-83EE-5E84805373F1}.Debug|iPhone.ActiveCfg = Debug|Any CPU
		{108C46C3-B089-400A-83EE-5E84805373F1}.Debug|iPhone.Build.0 = Debug|Any CPU
		{108C46C3-B089-400A-83EE-5E84805373F1}.Debug|iPhoneSimulator.ActiveCfg = Debug|Any CPU
		{108C46C3-B089-400A-83EE-5E84805373F1}.Debug|iPhoneSimulator.Build.0 = Debug|Any CPU
		{108C46C3-B089-400A-83EE-5E84805373F1}.Release|Any CPU.ActiveCfg = Release|Any CPU
		{108C46C3-B089-400A-83EE-5E84805373F1}.Release|Any CPU.Build.0 = Release|Any CPU
		{108C46C3-B089-400A-83EE-5E84805373F1}.Release|iPhone.ActiveCfg = Release|Any CPU
		{108C46C3-B089-400A-83EE-5E84805373F1}.Release|iPhone.Build.0 = Release|Any CPU
		{108C46C3-B089-400A-83EE-5E84805373F1}.Release|iPhoneSimulator.ActiveCfg = Release|Any CPU
		{108C46C3-B089-400A-83EE-5E84805373F1}.Release|iPhoneSimulator.Build.0 = Release|Any CPU
	EndGlobalSection
	GlobalSection(SolutionProperties) = preSolution
		HideSolutionNode = FALSE
	EndGlobalSection
	GlobalSection(ExtensibilityGlobals) = postSolution
		SolutionGuid = {81C32346-62D2-43FF-9706-235E9F8FA77A}
	EndGlobalSection
EndGlobal
